// !$*UTF8*$!
{
	archiveVersion = 1;
	classes = {
	};
	objectVersion = 46;
	objects = {

/* Begin PBXBuildFile section */
		D41DD2AB1A5199E300F92607 /* LaunchScreen.xib in Resources */ = {isa = PBXBuildFile; fileRef = D41DD2A71A5199E300F92607 /* LaunchScreen.xib */; };
		D41DD2AC1A5199E300F92607 /* Main.storyboard in Resources */ = {isa = PBXBuildFile; fileRef = D41DD2A91A5199E300F92607 /* Main.storyboard */; };
		D41DD2AF1A519AD000F92607 /* RZRoundNumpad.m in Sources */ = {isa = PBXBuildFile; fileRef = D41DD2AE1A519AD000F92607 /* RZRoundNumpad.m */; };
		D41DD2B21A51AD5E00F92607 /* RZSquareNumpad.m in Sources */ = {isa = PBXBuildFile; fileRef = D41DD2B11A51AD5E00F92607 /* RZSquareNumpad.m */; };
		D41DD2B51A51B2B300F92607 /* RZMultipleNumpad.m in Sources */ = {isa = PBXBuildFile; fileRef = D41DD2B41A51B2B300F92607 /* RZMultipleNumpad.m */; };
		D4ADEBE41A3B8CB200F71709 /* main.m in Sources */ = {isa = PBXBuildFile; fileRef = D4ADEBE31A3B8CB200F71709 /* main.m */; };
		D4ADEBE71A3B8CB200F71709 /* RZAppDelegate.m in Sources */ = {isa = PBXBuildFile; fileRef = D4ADEBE61A3B8CB200F71709 /* RZAppDelegate.m */; };
		D4ADEBEA1A3B8CB200F71709 /* RZViewController.m in Sources */ = {isa = PBXBuildFile; fileRef = D4ADEBE91A3B8CB200F71709 /* RZViewController.m */; };
		D4ADEC0A1A3B8D5100F71709 /* RZNumberPad.m in Sources */ = {isa = PBXBuildFile; fileRef = D4ADEC091A3B8D5100F71709 /* RZNumberPad.m */; };
/* End PBXBuildFile section */

/* Begin PBXFileReference section */
		D41DD2A81A5199E300F92607 /* Base */ = {isa = PBXFileReference; lastKnownFileType = file.xib; name = Base; path = Base.lproj/LaunchScreen.xib; sourceTree = SOURCE_ROOT; };
		D41DD2AA1A5199E300F92607 /* Base */ = {isa = PBXFileReference; lastKnownFileType = file.storyboard; name = Base; path = Base.lproj/Main.storyboard; sourceTree = SOURCE_ROOT; };
		D41DD2AD1A519AD000F92607 /* RZRoundNumpad.h */ = {isa = PBXFileReference; fileEncoding = 4; lastKnownFileType = sourcecode.c.h; path = RZRoundNumpad.h; sourceTree = "<group>"; };
		D41DD2AE1A519AD000F92607 /* RZRoundNumpad.m */ = {isa = PBXFileReference; fileEncoding = 4; lastKnownFileType = sourcecode.c.objc; path = RZRoundNumpad.m; sourceTree = "<group>"; };
		D41DD2B01A51AD5E00F92607 /* RZSquareNumpad.h */ = {isa = PBXFileReference; fileEncoding = 4; lastKnownFileType = sourcecode.c.h; path = RZSquareNumpad.h; sourceTree = "<group>"; };
		D41DD2B11A51AD5E00F92607 /* RZSquareNumpad.m */ = {isa = PBXFileReference; fileEncoding = 4; lastKnownFileType = sourcecode.c.objc; path = RZSquareNumpad.m; sourceTree = "<group>"; };
		D41DD2B31A51B2B300F92607 /* RZMultipleNumpad.h */ = {isa = PBXFileReference; fileEncoding = 4; lastKnownFileType = sourcecode.c.h; path = RZMultipleNumpad.h; sourceTree = "<group>"; };
		D41DD2B41A51B2B300F92607 /* RZMultipleNumpad.m */ = {isa = PBXFileReference; fileEncoding = 4; lastKnownFileType = sourcecode.c.objc; path = RZMultipleNumpad.m; sourceTree = "<group>"; };
		D4ADEBDE1A3B8CB200F71709 /* RZNumberPadDemo.app */ = {isa = PBXFileReference; explicitFileType = wrapper.application; includeInIndex = 0; path = RZNumberPadDemo.app; sourceTree = BUILT_PRODUCTS_DIR; };
		D4ADEBE21A3B8CB200F71709 /* Info.plist */ = {isa = PBXFileReference; lastKnownFileType = text.plist.xml; path = Info.plist; sourceTree = "<group>"; };
		D4ADEBE31A3B8CB200F71709 /* main.m */ = {isa = PBXFileReference; lastKnownFileType = sourcecode.c.objc; path = main.m; sourceTree = "<group>"; };
		D4ADEBE51A3B8CB200F71709 /* RZAppDelegate.h */ = {isa = PBXFileReference; lastKnownFileType = sourcecode.c.h; path = RZAppDelegate.h; sourceTree = "<group>"; };
		D4ADEBE61A3B8CB200F71709 /* RZAppDelegate.m */ = {isa = PBXFileReference; lastKnownFileType = sourcecode.c.objc; path = RZAppDelegate.m; sourceTree = "<group>"; };
		D4ADEBE81A3B8CB200F71709 /* RZViewController.h */ = {isa = PBXFileReference; lastKnownFileType = sourcecode.c.h; path = RZViewController.h; sourceTree = "<group>"; };
		D4ADEBE91A3B8CB200F71709 /* RZViewController.m */ = {isa = PBXFileReference; lastKnownFileType = sourcecode.c.objc; path = RZViewController.m; sourceTree = "<group>"; };
		D4ADEC081A3B8D5100F71709 /* RZNumberPad.h */ = {isa = PBXFileReference; fileEncoding = 4; lastKnownFileType = sourcecode.c.h; name = RZNumberPad.h; path = ../RZNumberPad.h; sourceTree = "<group>"; };
		D4ADEC091A3B8D5100F71709 /* RZNumberPad.m */ = {isa = PBXFileReference; fileEncoding = 4; lastKnownFileType = sourcecode.c.objc; name = RZNumberPad.m; path = ../RZNumberPad.m; sourceTree = "<group>"; };
/* End PBXFileReference section */

/* Begin PBXFrameworksBuildPhase section */
		D4ADEBDB1A3B8CB200F71709 /* Frameworks */ = {
			isa = PBXFrameworksBuildPhase;
			buildActionMask = 2147483647;
			files = (
			);
			runOnlyForDeploymentPostprocessing = 0;
		};
/* End PBXFrameworksBuildPhase section */

/* Begin PBXGroup section */
		D41DD2B61A51CEA900F92607 /* Numberpad Examples */ = {
			isa = PBXGroup;
			children = (
				D41DD2AD1A519AD000F92607 /* RZRoundNumpad.h */,
				D41DD2AE1A519AD000F92607 /* RZRoundNumpad.m */,
				D41DD2B01A51AD5E00F92607 /* RZSquareNumpad.h */,
				D41DD2B11A51AD5E00F92607 /* RZSquareNumpad.m */,
				D41DD2B31A51B2B300F92607 /* RZMultipleNumpad.h */,
				D41DD2B41A51B2B300F92607 /* RZMultipleNumpad.m */,
			);
			name = "Numberpad Examples";
			sourceTree = "<group>";
		};
		D4ADEBD51A3B8CB200F71709 = {
			isa = PBXGroup;
			children = (
				D4ADEC071A3B8D4900F71709 /* RZNumberPad */,
				D4ADEBE01A3B8CB200F71709 /* RZNumberPadDemo */,
				D4ADEBDF1A3B8CB200F71709 /* Products */,
			);
			sourceTree = "<group>";
		};
		D4ADEBDF1A3B8CB200F71709 /* Products */ = {
			isa = PBXGroup;
			children = (
				D4ADEBDE1A3B8CB200F71709 /* RZNumberPadDemo.app */,
			);
			name = Products;
			sourceTree = "<group>";
		};
		D4ADEBE01A3B8CB200F71709 /* RZNumberPadDemo */ = {
			isa = PBXGroup;
			children = (
				D41DD2B61A51CEA900F92607 /* Numberpad Examples */,
				D4ADEBE51A3B8CB200F71709 /* RZAppDelegate.h */,
				D4ADEBE61A3B8CB200F71709 /* RZAppDelegate.m */,
				D4ADEBE81A3B8CB200F71709 /* RZViewController.h */,
				D4ADEBE91A3B8CB200F71709 /* RZViewController.m */,
				D41DD2A71A5199E300F92607 /* LaunchScreen.xib */,
				D41DD2A91A5199E300F92607 /* Main.storyboard */,
				D4ADEBE11A3B8CB200F71709 /* Supporting Files */,
			);
			path = RZNumberPadDemo;
			sourceTree = "<group>";
		};
		D4ADEBE11A3B8CB200F71709 /* Supporting Files */ = {
			isa = PBXGroup;
			children = (
				D4ADEBE21A3B8CB200F71709 /* Info.plist */,
				D4ADEBE31A3B8CB200F71709 /* main.m */,
			);
			name = "Supporting Files";
			sourceTree = "<group>";
		};
		D4ADEC071A3B8D4900F71709 /* RZNumberPad */ = {
			isa = PBXGroup;
			children = (
				D4ADEC081A3B8D5100F71709 /* RZNumberPad.h */,
				D4ADEC091A3B8D5100F71709 /* RZNumberPad.m */,
			);
			name = RZNumberPad;
			sourceTree = "<group>";
		};
/* End PBXGroup section */

/* Begin PBXNativeTarget section */
		D4ADEBDD1A3B8CB200F71709 /* RZNumberPadDemo */ = {
			isa = PBXNativeTarget;
			buildConfigurationList = D4ADEC011A3B8CB200F71709 /* Build configuration list for PBXNativeTarget "RZNumberPadDemo" */;
			buildPhases = (
				D4ADEBDA1A3B8CB200F71709 /* Sources */,
				D4ADEBDB1A3B8CB200F71709 /* Frameworks */,
				D4ADEBDC1A3B8CB200F71709 /* Resources */,
			);
			buildRules = (
			);
			dependencies = (
			);
			name = RZNumberPadDemo;
			productName = RZNumberPadDemo;
			productReference = D4ADEBDE1A3B8CB200F71709 /* RZNumberPadDemo.app */;
			productType = "com.apple.product-type.application";
		};
/* End PBXNativeTarget section */

/* Begin PBXProject section */
		D4ADEBD61A3B8CB200F71709 /* Project object */ = {
			isa = PBXProject;
			attributes = {
				LastUpgradeCheck = 0610;
				ORGANIZATIONNAME = Raizlabs;
				TargetAttributes = {
					D4ADEBDD1A3B8CB200F71709 = {
						CreatedOnToolsVersion = 6.1;
					};
				};
			};
			buildConfigurationList = D4ADEBD91A3B8CB200F71709 /* Build configuration list for PBXProject "RZNumberPadDemo" */;
			compatibilityVersion = "Xcode 3.2";
			developmentRegion = English;
			hasScannedForEncodings = 0;
			knownRegions = (
				en,
				Base,
			);
			mainGroup = D4ADEBD51A3B8CB200F71709;
			productRefGroup = D4ADEBDF1A3B8CB200F71709 /* Products */;
			projectDirPath = "";
			projectRoot = "";
			targets = (
				D4ADEBDD1A3B8CB200F71709 /* RZNumberPadDemo */,
			);
		};
/* End PBXProject section */

/* Begin PBXResourcesBuildPhase section */
		D4ADEBDC1A3B8CB200F71709 /* Resources */ = {
			isa = PBXResourcesBuildPhase;
			buildActionMask = 2147483647;
			files = (
				D41DD2AB1A5199E300F92607 /* LaunchScreen.xib in Resources */,
				D41DD2AC1A5199E300F92607 /* Main.storyboard in Resources */,
			);
			runOnlyForDeploymentPostprocessing = 0;
		};
/* End PBXResourcesBuildPhase section */

/* Begin PBXSourcesBuildPhase section */
		D4ADEBDA1A3B8CB200F71709 /* Sources */ = {
			isa = PBXSourcesBuildPhase;
			buildActionMask = 2147483647;
			files = (
				D4ADEBEA1A3B8CB200F71709 /* RZViewController.m in Sources */,
				D41DD2B21A51AD5E00F92607 /* RZSquareNumpad.m in Sources */,
				D41DD2AF1A519AD000F92607 /* RZRoundNumpad.m in Sources */,
				D4ADEBE71A3B8CB200F71709 /* RZAppDelegate.m in Sources */,
				D4ADEC0A1A3B8D5100F71709 /* RZNumberPad.m in Sources */,
				D4ADEBE41A3B8CB200F71709 /* main.m in Sources */,
				D41DD2B51A51B2B300F92607 /* RZMultipleNumpad.m in Sources */,
			);
			runOnlyForDeploymentPostprocessing = 0;
		};
/* End PBXSourcesBuildPhase section */

/* Begin PBXVariantGroup section */
		D41DD2A71A5199E300F92607 /* LaunchScreen.xib */ = {
			isa = PBXVariantGroup;
			children = (
				D41DD2A81A5199E300F92607 /* Base */,
			);
			name = LaunchScreen.xib;
			sourceTree = "<group>";
		};
		D41DD2A91A5199E300F92607 /* Main.storyboard */ = {
			isa = PBXVariantGroup;
			children = (
				D41DD2AA1A5199E300F92607 /* Base */,
			);
			name = Main.storyboard;
			sourceTree = "<group>";
		};
/* End PBXVariantGroup section */

/* Begin XCBuildConfiguration section */
		D4ADEBFF1A3B8CB200F71709 /* Debug */ = {
			isa = XCBuildConfiguration;
			buildSettings = {
				ALWAYS_SEARCH_USER_PATHS = NO;
				CLANG_CXX_LANGUAGE_STANDARD = "gnu++0x";
				CLANG_CXX_LIBRARY = "libc++";
				CLANG_ENABLE_MODULES = YES;
				CLANG_ENABLE_OBJC_ARC = YES;
				CLANG_WARN_BOOL_CONVERSION = YES;
				CLANG_WARN_CONSTANT_CONVERSION = YES;
				CLANG_WARN_DIRECT_OBJC_ISA_USAGE = YES_ERROR;
				CLANG_WARN_EMPTY_BODY = YES;
				CLANG_WARN_ENUM_CONVERSION = YES;
				CLANG_WARN_INT_CONVERSION = YES;
				CLANG_WARN_OBJC_ROOT_CLASS = YES_ERROR;
				CLANG_WARN_UNREACHABLE_CODE = YES;
				CLANG_WARN__DUPLICATE_METHOD_MATCH = YES;
				"CODE_SIGN_IDENTITY[sdk=iphoneos*]" = "iPhone Developer";
				COPY_PHASE_STRIP = NO;
				ENABLE_STRICT_OBJC_MSGSEND = YES;
				GCC_C_LANGUAGE_STANDARD = gnu99;
				GCC_DYNAMIC_NO_PIC = NO;
				GCC_OPTIMIZATION_LEVEL = 0;
				GCC_PREPROCESSOR_DEFINITIONS = (
					"DEBUG=1",
					"$(inherited)",
				);
				GCC_SYMBOLS_PRIVATE_EXTERN = NO;
				GCC_WARN_64_TO_32_BIT_CONVERSION = YES;
				GCC_WARN_ABOUT_RETURN_TYPE = YES_ERROR;
				GCC_WARN_UNDECLARED_SELECTOR = YES;
				GCC_WARN_UNINITIALIZED_AUTOS = YES_AGGRESSIVE;
				GCC_WARN_UNUSED_FUNCTION = YES;
				GCC_WARN_UNUSED_VARIABLE = YES;
				IPHONEOS_DEPLOYMENT_TARGET = 8.1;
				MTL_ENABLE_DEBUG_INFO = YES;
				ONLY_ACTIVE_ARCH = YES;
				SDKROOT = iphoneos;
			};
			name = Debug;
		};
		D4ADEC001A3B8CB200F71709 /* Release */ = {
			isa = XCBuildConfiguration;
			buildSettings = {
				ALWAYS_SEARCH_USER_PATHS = NO;
				CLANG_CXX_LANGUAGE_STANDARD = "gnu++0x";
				CLANG_CXX_LIBRARY = "libc++";
				CLANG_ENABLE_MODULES = YES;
				CLANG_ENABLE_OBJC_ARC = YES;
				CLANG_WARN_BOOL_CONVERSION = YES;
				CLANG_WARN_CONSTANT_CONVERSION = YES;
				CLANG_WARN_DIRECT_OBJC_ISA_USAGE = YES_ERROR;
				CLANG_WARN_EMPTY_BODY = YES;
				CLANG_WARN_ENUM_CONVERSION = YES;
				CLANG_WARN_INT_CONVERSION = YES;
				CLANG_WARN_OBJC_ROOT_CLASS = YES_ERROR;
				CLANG_WARN_UNREACHABLE_CODE = YES;
				CLANG_WARN__DUPLICATE_METHOD_MATCH = YES;
				"CODE_SIGN_IDENTITY[sdk=iphoneos*]" = "iPhone Developer";
				COPY_PHASE_STRIP = YES;
				ENABLE_NS_ASSERTIONS = NO;
				ENABLE_STRICT_OBJC_MSGSEND = YES;
				GCC_C_LANGUAGE_STANDARD = gnu99;
				GCC_WARN_64_TO_32_BIT_CONVERSION = YES;
				GCC_WARN_ABOUT_RETURN_TYPE = YES_ERROR;
				GCC_WARN_UNDECLARED_SELECTOR = YES;
				GCC_WARN_UNINITIALIZED_AUTOS = YES_AGGRESSIVE;
				GCC_WARN_UNUSED_FUNCTION = YES;
				GCC_WARN_UNUSED_VARIABLE = YES;
				IPHONEOS_DEPLOYMENT_TARGET = 8.1;
				MTL_ENABLE_DEBUG_INFO = NO;
				SDKROOT = iphoneos;
				VALIDATE_PRODUCT = YES;
			};
			name = Release;
		};
		D4ADEC021A3B8CB200F71709 /* Debug */ = {
			isa = XCBuildConfiguration;
			buildSettings = {
				ASSETCATALOG_COMPILER_APPICON_NAME = AppIcon;
				INFOPLIST_FILE = RZNumberPadDemo/Info.plist;
				LD_RUNPATH_SEARCH_PATHS = "$(inherited) @executable_path/Frameworks";
				PRODUCT_NAME = "$(TARGET_NAME)";
			};
			name = Debug;
		};
		D4ADEC031A3B8CB200F71709 /* Release */ = {
			isa = XCBuildConfiguration;
			buildSettings = {
				ASSETCATALOG_COMPILER_APPICON_NAME = AppIcon;
				INFOPLIST_FILE = RZNumberPadDemo/Info.plist;
				LD_RUNPATH_SEARCH_PATHS = "$(inherited) @executable_path/Frameworks";
				PRODUCT_NAME = "$(TARGET_NAME)";
			};
			name = Release;
		};
/* End XCBuildConfiguration section */

/* Begin XCConfigurationList section */
		D4ADEBD91A3B8CB200F71709 /* Build configuration list for PBXProject "RZNumberPadDemo" */ = {
			isa = XCConfigurationList;
			buildConfigurations = (
				D4ADEBFF1A3B8CB200F71709 /* Debug */,
				D4ADEC001A3B8CB200F71709 /* Release */,
			);
			defaultConfigurationIsVisible = 0;
			defaultConfigurationName = Release;
		};
		D4ADEC011A3B8CB200F71709 /* Build configuration list for PBXNativeTarget "RZNumberPadDemo" */ = {
			isa = XCConfigurationList;
			buildConfigurations = (
				D4ADEC021A3B8CB200F71709 /* Debug */,
				D4ADEC031A3B8CB200F71709 /* Release */,
			);
			defaultConfigurationIsVisible = 0;
			defaultConfigurationName = Release;
		};
/* End XCConfigurationList section */
	};
	rootObject = D4ADEBD61A3B8CB200F71709 /* Project object */;
}
